
Microsoft Visual Studio Solution File, Format Version 12.00
# Visual Studio 2013
VisualStudioVersion = 12.0.31101.0
MinimumVisualStudioVersion = 10.0.40219.1
Project("{FAE04EC0-301F-11D3-BF4B-00C04F79EFBC}") = "MonoLedTest", "MonoLedTest\MonoLedTest.csproj", "{D9EEF59E-BAF8-4BB8-89A3-3AB0DAC7DE59}"
EndProject
Project("{FAE04EC0-301F-11D3-BF4B-00C04F79EFBC}") = "Ws2811_Fake", "Ws2811_Fake\Ws2811_Fake.csproj", "{725BCCC8-7A95-4748-B4B4-E01FCA6CF722}"
EndProject
Global
	GlobalSection(SolutionConfigurationPlatforms) = preSolution
		Debug|Any CPU = Debug|Any CPU
		Release|Any CPU = Release|Any CPU
	EndGlobalSection
	GlobalSection(ProjectConfigurationPlatforms) = postSolution
		{D9EEF59E-BAF8-4BB8-89A3-3AB0DAC7DE59}.Debug|Any CPU.ActiveCfg = Debug|Any CPU
		{D9EEF59E-BAF8-4BB8-89A3-3AB0DAC7DE59}.Debug|Any CPU.Build.0 = Debug|Any CPU
		{D9EEF59E-BAF8-4BB8-89A3-3AB0DAC7DE59}.Release|Any CPU.ActiveCfg = Release|Any CPU
		{D9EEF59E-BAF8-4BB8-89A3-3AB0DAC7DE59}.Release|Any CPU.Build.0 = Release|Any CPU
		{725BCCC8-7A95-4748-B4B4-E01FCA6CF722}.Debug|Any CPU.ActiveCfg = Debug|Any CPU
		{725BCCC8-7A95-4748-B4B4-E01FCA6CF722}.Debug|Any CPU.Build.0 = Debug|Any CPU
		{725BCCC8-7A95-4748-B4B4-E01FCA6CF722}.Release|Any CPU.ActiveCfg = Release|Any CPU
		{725BCCC8-7A95-4748-B4B4-E01FCA6CF722}.Release|Any CPU.Build.0 = Release|Any CPU
	EndGlobalSection
	GlobalSection(SolutionProperties) = preSolution
		HideSolutionNode = FALSE
	EndGlobalSection
EndGlobal
